
Microsoft Visual Studio Solution File, Format Version 12.00
# Visual Studio Version 17
VisualStudioVersion = 17.1.32328.378
MinimumVisualStudioVersion = 10.0.40219.1
Project("{FAE04EC0-301F-11D3-BF4B-00C04F79EFBC}") = "CSVExampleProblem", "CSVExampleProblem.csproj", "{5BC9DB39-146F-4113-9A5A-471733C1641B}"
EndProject
Global
	GlobalSection(SolutionConfigurationPlatforms) = preSolution
		Debug|Any CPU = Debug|Any CPU
		Release|Any CPU = Release|Any CPU
	EndGlobalSection
	GlobalSection(ProjectConfigurationPlatforms) = postSolution
		{5BC9DB39-146F-4113-9A5A-471733C1641B}.Debug|Any CPU.ActiveCfg = Debug|Any CPU
		{5BC9DB39-146F-4113-9A5A-471733C1641B}.Debug|Any CPU.Build.0 = Debug|Any CPU
		{5BC9DB39-146F-4113-9A5A-471733C1641B}.Release|Any CPU.ActiveCfg = Release|Any CPU
		{5BC9DB39-146F-4113-9A5A-471733C1641B}.Release|Any CPU.Build.0 = Release|Any CPU
	EndGlobalSection
	GlobalSection(SolutionProperties) = preSolution
		HideSolutionNode = FALSE
	EndGlobalSection
	GlobalSection(ExtensibilityGlobals) = postSolution
		SolutionGuid = {F7983716-B5DC-4582-8E59-77BA48F86389}
	EndGlobalSection
EndGlobal
